
Microsoft Visual Studio Solution File, Format Version 12.00
# Visual Studio Version 17
VisualStudioVersion = 17.5.002.0
MinimumVisualStudioVersion = 10.0.40219.1
Project("{FAE04EC0-301F-11D3-BF4B-00C04F79EFBC}") = "Day10", "Day10\Day10.csproj", "{DA0F22EC-7CCF-4036-99DB-C6DB452581C4}"
EndProject
Project("{FAE04EC0-301F-11D3-BF4B-00C04F79EFBC}") = "Day23", "Day23\Day23.csproj", "{E8BA597B-C5F7-4D31-A68C-5FFCFA12CF84}"
EndProject
Project("{FAE04EC0-301F-11D3-BF4B-00C04F79EFBC}") = "Day18", "Day18\Day18.csproj", "{D84DE142-34AD-4D0E-82DC-D44621E18C8F}"
EndProject
Project("{FAE04EC0-301F-11D3-BF4B-00C04F79EFBC}") = "Day08", "Day08\Day08.csproj", "{16909F40-01D6-4619-97B1-213EEA8E053F}"
EndProject
Project("{FAE04EC0-301F-11D3-BF4B-00C04F79EFBC}") = "Day01", "Day01\Day01.csproj", "{702D5289-6A76-4FC0-BFB7-30E652BC967B}"
EndProject
Project("{FAE04EC0-301F-11D3-BF4B-00C04F79EFBC}") = "Day02", "Day02\Day02.csproj", "{B120238B-5143-43FC-B12E-445B0B0166B0}"
EndProject
Project("{FAE04EC0-301F-11D3-BF4B-00C04F79EFBC}") = "Day03", "Day03\Day03.csproj", "{D615B841-A286-4E3C-B970-638E036B9892}"
EndProject
Project("{FAE04EC0-301F-11D3-BF4B-00C04F79EFBC}") = "Day04", "Day04\Day04.csproj", "{3F1D48E4-A388-4AB6-9687-CE05A4FF5E38}"
EndProject
Project("{FAE04EC0-301F-11D3-BF4B-00C04F79EFBC}") = "Day05", "Day05\Day05.csproj", "{242CF118-38C6-4E54-B37A-4B8080816E95}"
EndProject
Project("{FAE04EC0-301F-11D3-BF4B-00C04F79EFBC}") = "Day06", "Day06\Day06.csproj", "{D6A0940A-D1A7-4030-805A-A1A95AB49D0F}"
EndProject
Project("{FAE04EC0-301F-11D3-BF4B-00C04F79EFBC}") = "Day07", "Day07\Day07.csproj", "{82EB1BB7-6181-4727-BC65-E65A42656D8B}"
EndProject
Project("{FAE04EC0-301F-11D3-BF4B-00C04F79EFBC}") = "Day09", "Day09\Day09.csproj", "{24187950-8B29-44FB-AEB3-929F6B089924}"
EndProject
Project("{FAE04EC0-301F-11D3-BF4B-00C04F79EFBC}") = "Day11", "Day11\Day11.csproj", "{0D7A5EE0-8713-4C74-914F-3ACFBD2740EB}"
EndProject
Project("{FAE04EC0-301F-11D3-BF4B-00C04F79EFBC}") = "Day12", "Day12\Day12.csproj", "{2788B978-0195-4398-8A4F-A8B6BA782EAA}"
EndProject
Project("{FAE04EC0-301F-11D3-BF4B-00C04F79EFBC}") = "Day13", "Day13\Day13.csproj", "{45BCB784-7142-4D95-BBD2-31E0A5DC4520}"
EndProject
Project("{FAE04EC0-301F-11D3-BF4B-00C04F79EFBC}") = "Day14", "Day14\Day14.csproj", "{CE1F9239-1A99-4977-87C2-5EDCFB1CF043}"
EndProject
Project("{FAE04EC0-301F-11D3-BF4B-00C04F79EFBC}") = "Day15", "Day15\Day15.csproj", "{CB560336-BBFE-4C4D-94BE-AA2B53EB9893}"
EndProject
Project("{FAE04EC0-301F-11D3-BF4B-00C04F79EFBC}") = "Day16", "Day16\Day16.csproj", "{692F3E23-7ACF-486F-8E5D-7B86E4D8AFCB}"
EndProject
Project("{FAE04EC0-301F-11D3-BF4B-00C04F79EFBC}") = "Day17", "Day17\Day17.csproj", "{537B63D8-CB5F-4F5A-AEF0-8AC53611F41B}"
EndProject
Project("{FAE04EC0-301F-11D3-BF4B-00C04F79EFBC}") = "Day19", "Day19\Day19.csproj", "{607142FB-B6C6-43D1-A2DB-B95F1E2B3681}"
EndProject
Project("{FAE04EC0-301F-11D3-BF4B-00C04F79EFBC}") = "Day20", "Day20\Day20.csproj", "{51D0D5AC-096B-4673-9BF5-23A49E12E58F}"
EndProject
Project("{FAE04EC0-301F-11D3-BF4B-00C04F79EFBC}") = "Day21", "Day21\Day21.csproj", "{35508528-5BB5-48E9-B879-AA4ACFC9D534}"
EndProject
Global
	GlobalSection(SolutionConfigurationPlatforms) = preSolution
		Debug|Any CPU = Debug|Any CPU
		Release|Any CPU = Release|Any CPU
	EndGlobalSection
	GlobalSection(ProjectConfigurationPlatforms) = postSolution
		{DA0F22EC-7CCF-4036-99DB-C6DB452581C4}.Debug|Any CPU.ActiveCfg = Debug|Any CPU
		{DA0F22EC-7CCF-4036-99DB-C6DB452581C4}.Debug|Any CPU.Build.0 = Debug|Any CPU
		{DA0F22EC-7CCF-4036-99DB-C6DB452581C4}.Release|Any CPU.ActiveCfg = Release|Any CPU
		{DA0F22EC-7CCF-4036-99DB-C6DB452581C4}.Release|Any CPU.Build.0 = Release|Any CPU
		{E8BA597B-C5F7-4D31-A68C-5FFCFA12CF84}.Debug|Any CPU.ActiveCfg = Debug|Any CPU
		{E8BA597B-C5F7-4D31-A68C-5FFCFA12CF84}.Debug|Any CPU.Build.0 = Debug|Any CPU
		{E8BA597B-C5F7-4D31-A68C-5FFCFA12CF84}.Release|Any CPU.ActiveCfg = Release|Any CPU
		{E8BA597B-C5F7-4D31-A68C-5FFCFA12CF84}.Release|Any CPU.Build.0 = Release|Any CPU
		{D84DE142-34AD-4D0E-82DC-D44621E18C8F}.Debug|Any CPU.ActiveCfg = Debug|Any CPU
		{D84DE142-34AD-4D0E-82DC-D44621E18C8F}.Debug|Any CPU.Build.0 = Debug|Any CPU
		{D84DE142-34AD-4D0E-82DC-D44621E18C8F}.Release|Any CPU.ActiveCfg = Release|Any CPU
		{D84DE142-34AD-4D0E-82DC-D44621E18C8F}.Release|Any CPU.Build.0 = Release|Any CPU
		{16909F40-01D6-4619-97B1-213EEA8E053F}.Debug|Any CPU.ActiveCfg = Debug|Any CPU
		{16909F40-01D6-4619-97B1-213EEA8E053F}.Debug|Any CPU.Build.0 = Debug|Any CPU
		{16909F40-01D6-4619-97B1-213EEA8E053F}.Release|Any CPU.ActiveCfg = Release|Any CPU
		{16909F40-01D6-4619-97B1-213EEA8E053F}.Release|Any CPU.Build.0 = Release|Any CPU
		{702D5289-6A76-4FC0-BFB7-30E652BC967B}.Debug|Any CPU.ActiveCfg = Debug|Any CPU
		{702D5289-6A76-4FC0-BFB7-30E652BC967B}.Debug|Any CPU.Build.0 = Debug|Any CPU
		{702D5289-6A76-4FC0-BFB7-30E652BC967B}.Release|Any CPU.ActiveCfg = Release|Any CPU
		{702D5289-6A76-4FC0-BFB7-30E652BC967B}.Release|Any CPU.Build.0 = Release|Any CPU
		{B120238B-5143-43FC-B12E-445B0B0166B0}.Debug|Any CPU.ActiveCfg = Debug|Any CPU
		{B120238B-5143-43FC-B12E-445B0B0166B0}.Debug|Any CPU.Build.0 = Debug|Any CPU
		{B120238B-5143-43FC-B12E-445B0B0166B0}.Release|Any CPU.ActiveCfg = Release|Any CPU
		{B120238B-5143-43FC-B12E-445B0B0166B0}.Release|Any CPU.Build.0 = Release|Any CPU
		{D615B841-A286-4E3C-B970-638E036B9892}.Debug|Any CPU.ActiveCfg = Debug|Any CPU
		{D615B841-A286-4E3C-B970-638E036B9892}.Debug|Any CPU.Build.0 = Debug|Any CPU
		{D615B841-A286-4E3C-B970-638E036B9892}.Release|Any CPU.ActiveCfg = Release|Any CPU
		{D615B841-A286-4E3C-B970-638E036B9892}.Release|Any CPU.Build.0 = Release|Any CPU
		{3F1D48E4-A388-4AB6-9687-CE05A4FF5E38}.Debug|Any CPU.ActiveCfg = Debug|Any CPU
		{3F1D48E4-A388-4AB6-9687-CE05A4FF5E38}.Debug|Any CPU.Build.0 = Debug|Any CPU
		{3F1D48E4-A388-4AB6-9687-CE05A4FF5E38}.Release|Any CPU.ActiveCfg = Release|Any CPU
		{3F1D48E4-A388-4AB6-9687-CE05A4FF5E38}.Release|Any CPU.Build.0 = Release|Any CPU
		{242CF118-38C6-4E54-B37A-4B8080816E95}.Debug|Any CPU.ActiveCfg = Debug|Any CPU
		{242CF118-38C6-4E54-B37A-4B8080816E95}.Debug|Any CPU.Build.0 = Debug|Any CPU
		{242CF118-38C6-4E54-B37A-4B8080816E95}.Release|Any CPU.ActiveCfg = Release|Any CPU
		{242CF118-38C6-4E54-B37A-4B8080816E95}.Release|Any CPU.Build.0 = Release|Any CPU
		{D6A0940A-D1A7-4030-805A-A1A95AB49D0F}.Debug|Any CPU.ActiveCfg = Debug|Any CPU
		{D6A0940A-D1A7-4030-805A-A1A95AB49D0F}.Debug|Any CPU.Build.0 = Debug|Any CPU
		{D6A0940A-D1A7-4030-805A-A1A95AB49D0F}.Release|Any CPU.ActiveCfg = Release|Any CPU
		{D6A0940A-D1A7-4030-805A-A1A95AB49D0F}.Release|Any CPU.Build.0 = Release|Any CPU
		{82EB1BB7-6181-4727-BC65-E65A42656D8B}.Debug|Any CPU.ActiveCfg = Debug|Any CPU
		{82EB1BB7-6181-4727-BC65-E65A42656D8B}.Debug|Any CPU.Build.0 = Debug|Any CPU
		{82EB1BB7-6181-4727-BC65-E65A42656D8B}.Release|Any CPU.ActiveCfg = Release|Any CPU
		{82EB1BB7-6181-4727-BC65-E65A42656D8B}.Release|Any CPU.Build.0 = Release|Any CPU
		{24187950-8B29-44FB-AEB3-929F6B089924}.Debug|Any CPU.ActiveCfg = Debug|Any CPU
		{24187950-8B29-44FB-AEB3-929F6B089924}.Debug|Any CPU.Build.0 = Debug|Any CPU
		{24187950-8B29-44FB-AEB3-929F6B089924}.Release|Any CPU.ActiveCfg = Release|Any CPU
		{24187950-8B29-44FB-AEB3-929F6B089924}.Release|Any CPU.Build.0 = Release|Any CPU
		{0D7A5EE0-8713-4C74-914F-3ACFBD2740EB}.Debug|Any CPU.ActiveCfg = Debug|Any CPU
		{0D7A5EE0-8713-4C74-914F-3ACFBD2740EB}.Debug|Any CPU.Build.0 = Debug|Any CPU
		{0D7A5EE0-8713-4C74-914F-3ACFBD2740EB}.Release|Any CPU.ActiveCfg = Release|Any CPU
		{0D7A5EE0-8713-4C74-914F-3ACFBD2740EB}.Release|Any CPU.Build.0 = Release|Any CPU
		{2788B978-0195-4398-8A4F-A8B6BA782EAA}.Debug|Any CPU.ActiveCfg = Debug|Any CPU
		{2788B978-0195-4398-8A4F-A8B6BA782EAA}.Debug|Any CPU.Build.0 = Debug|Any CPU
		{2788B978-0195-4398-8A4F-A8B6BA782EAA}.Release|Any CPU.ActiveCfg = Release|Any CPU
		{2788B978-0195-4398-8A4F-A8B6BA782EAA}.Release|Any CPU.Build.0 = Release|Any CPU
		{45BCB784-7142-4D95-BBD2-31E0A5DC4520}.Debug|Any CPU.ActiveCfg = Debug|Any CPU
		{45BCB784-7142-4D95-BBD2-31E0A5DC4520}.Debug|Any CPU.Build.0 = Debug|Any CPU
		{45BCB784-7142-4D95-BBD2-31E0A5DC4520}.Release|Any CPU.ActiveCfg = Release|Any CPU
		{45BCB784-7142-4D95-BBD2-31E0A5DC4520}.Release|Any CPU.Build.0 = Release|Any CPU
		{CE1F9239-1A99-4977-87C2-5EDCFB1CF043}.Debug|Any CPU.ActiveCfg = Debug|Any CPU
		{CE1F9239-1A99-4977-87C2-5EDCFB1CF043}.Debug|Any CPU.Build.0 = Debug|Any CPU
		{CE1F9239-1A99-4977-87C2-5EDCFB1CF043}.Release|Any CPU.ActiveCfg = Release|Any CPU
		{CE1F9239-1A99-4977-87C2-5EDCFB1CF043}.Release|Any CPU.Build.0 = Release|Any CPU
		{CB560336-BBFE-4C4D-94BE-AA2B53EB9893}.Debug|Any CPU.ActiveCfg = Debug|Any CPU
		{CB560336-BBFE-4C4D-94BE-AA2B53EB9893}.Debug|Any CPU.Build.0 = Debug|Any CPU
		{CB560336-BBFE-4C4D-94BE-AA2B53EB9893}.Release|Any CPU.ActiveCfg = Release|Any CPU
		{CB560336-BBFE-4C4D-94BE-AA2B53EB9893}.Release|Any CPU.Build.0 = Release|Any CPU
		{692F3E23-7ACF-486F-8E5D-7B86E4D8AFCB}.Debug|Any CPU.ActiveCfg = Debug|Any CPU
		{692F3E23-7ACF-486F-8E5D-7B86E4D8AFCB}.Debug|Any CPU.Build.0 = Debug|Any CPU
		{692F3E23-7ACF-486F-8E5D-7B86E4D8AFCB}.Release|Any CPU.ActiveCfg = Release|Any CPU
		{692F3E23-7ACF-486F-8E5D-7B86E4D8AFCB}.Release|Any CPU.Build.0 = Release|Any CPU
		{537B63D8-CB5F-4F5A-AEF0-8AC53611F41B}.Debug|Any CPU.ActiveCfg = Debug|Any CPU
		{537B63D8-CB5F-4F5A-AEF0-8AC53611F41B}.Debug|Any CPU.Build.0 = Debug|Any CPU
		{537B63D8-CB5F-4F5A-AEF0-8AC53611F41B}.Release|Any CPU.ActiveCfg = Release|Any CPU
		{537B63D8-CB5F-4F5A-AEF0-8AC53611F41B}.Release|Any CPU.Build.0 = Release|Any CPU
		{607142FB-B6C6-43D1-A2DB-B95F1E2B3681}.Debug|Any CPU.ActiveCfg = Debug|Any CPU
		{607142FB-B6C6-43D1-A2DB-B95F1E2B3681}.Debug|Any CPU.Build.0 = Debug|Any CPU
		{607142FB-B6C6-43D1-A2DB-B95F1E2B3681}.Release|Any CPU.ActiveCfg = Release|Any CPU
		{607142FB-B6C6-43D1-A2DB-B95F1E2B3681}.Release|Any CPU.Build.0 = Release|Any CPU
		{51D0D5AC-096B-4673-9BF5-23A49E12E58F}.Debug|Any CPU.ActiveCfg = Debug|Any CPU
		{51D0D5AC-096B-4673-9BF5-23A49E12E58F}.Debug|Any CPU.Build.0 = Debug|Any CPU
		{51D0D5AC-096B-4673-9BF5-23A49E12E58F}.Release|Any CPU.ActiveCfg = Release|Any CPU
		{51D0D5AC-096B-4673-9BF5-23A49E12E58F}.Release|Any CPU.Build.0 = Release|Any CPU
		{35508528-5BB5-48E9-B879-AA4ACFC9D534}.Debug|Any CPU.ActiveCfg = Debug|Any CPU
		{35508528-5BB5-48E9-B879-AA4ACFC9D534}.Debug|Any CPU.Build.0 = Debug|Any CPU
		{35508528-5BB5-48E9-B879-AA4ACFC9D534}.Release|Any CPU.ActiveCfg = Release|Any CPU
		{35508528-5BB5-48E9-B879-AA4ACFC9D534}.Release|Any CPU.Build.0 = Release|Any CPU
	EndGlobalSection
	GlobalSection(SolutionProperties) = preSolution
		HideSolutionNode = FALSE
	EndGlobalSection
	GlobalSection(ExtensibilityGlobals) = postSolution
		SolutionGuid = {E06D0BDA-D52E-40BF-8738-78D23AEFB591}
	EndGlobalSection
EndGlobal
